
Microsoft Visual Studio Solution File, Format Version 12.00
# Visual Studio Version 16
VisualStudioVersion = 16.0.28803.352
MinimumVisualStudioVersion = 10.0.40219.1
Project("{9A19103F-16F7-4668-BE54-9A1E7A4F7556}") = "ModernizacionPersonas.Web", "ModernizacionPersonas.Web\ModernizacionPersonas.Web.csproj", "{F8235E09-6DBE-4064-AC78-9E7D9BAFC4D4}"
EndProject
Project("{2150E333-8FDC-42A3-9474-1A3956D46DE8}") = "ModernizacionPersonas", "ModernizacionPersonas", "{C23A7DA1-1FF6-4ECA-8DA1-2633945482C0}"
EndProject
Project("{9A19103F-16F7-4668-BE54-9A1E7A4F7556}") = "ModernizacionPersonas.Common", "ModernizacionPersonas.Common\ModernizacionPersonas.Common.csproj", "{40456892-3F40-46F1-9D7A-1976F842B6C2}"
EndProject
Project("{9A19103F-16F7-4668-BE54-9A1E7A4F7556}") = "ModernizacionPersonas.Entities", "ModernizacionPersonas.Entities\ModernizacionPersonas.Entities.csproj", "{417E4862-6EFB-4B08-A4C3-F16167E63F10}"
EndProject
Project("{9A19103F-16F7-4668-BE54-9A1E7A4F7556}") = "ModernizacionPersonas.DAL", "ModernizacionPersonas.DAL\ModernizacionPersonas.DAL.csproj", "{1B1035D8-A0A4-4DE6-9F8A-06EDDC966B1F}"
EndProject
Project("{9A19103F-16F7-4668-BE54-9A1E7A4F7556}") = "ModernizacionPersonas.BLL", "ModernizacionPersonas.BLL\ModernizacionPersonas.BLL.csproj", "{8448CF67-E965-40C9-97A5-FCB980BFDDF1}"
EndProject
Project("{9A19103F-16F7-4668-BE54-9A1E7A4F7556}") = "ModernizacionPersonas.Api", "ModernizacionPersonas.Api\ModernizacionPersonas.Api.csproj", "{D8010B32-896A-44B1-A6F3-2DAE807E8491}"
EndProject
Global
	GlobalSection(SolutionConfigurationPlatforms) = preSolution
		Debug|Any CPU = Debug|Any CPU
		Debug|ARM = Debug|ARM
		Debug|ARM64 = Debug|ARM64
		Debug|x64 = Debug|x64
		Debug|x86 = Debug|x86
		Development|Any CPU = Development|Any CPU
		Development|ARM = Development|ARM
		Development|ARM64 = Development|ARM64
		Development|x64 = Development|x64
		Development|x86 = Development|x86
		Release|Any CPU = Release|Any CPU
		Release|ARM = Release|ARM
		Release|ARM64 = Release|ARM64
		Release|x64 = Release|x64
		Release|x86 = Release|x86
		Staging|Any CPU = Staging|Any CPU
		Staging|ARM = Staging|ARM
		Staging|ARM64 = Staging|ARM64
		Staging|x64 = Staging|x64
		Staging|x86 = Staging|x86
		Test|Any CPU = Test|Any CPU
		Test|ARM = Test|ARM
		Test|ARM64 = Test|ARM64
		Test|x64 = Test|x64
		Test|x86 = Test|x86
	EndGlobalSection
	GlobalSection(ProjectConfigurationPlatforms) = postSolution
		{F8235E09-6DBE-4064-AC78-9E7D9BAFC4D4}.Debug|Any CPU.ActiveCfg = Debug|Any CPU
		{F8235E09-6DBE-4064-AC78-9E7D9BAFC4D4}.Debug|Any CPU.Build.0 = Debug|Any CPU
		{F8235E09-6DBE-4064-AC78-9E7D9BAFC4D4}.Debug|ARM.ActiveCfg = Debug|Any CPU
		{F8235E09-6DBE-4064-AC78-9E7D9BAFC4D4}.Debug|ARM.Build.0 = Debug|Any CPU
		{F8235E09-6DBE-4064-AC78-9E7D9BAFC4D4}.Debug|ARM64.ActiveCfg = Debug|Any CPU
		{F8235E09-6DBE-4064-AC78-9E7D9BAFC4D4}.Debug|ARM64.Build.0 = Debug|Any CPU
		{F8235E09-6DBE-4064-AC78-9E7D9BAFC4D4}.Debug|x64.ActiveCfg = Debug|Any CPU
		{F8235E09-6DBE-4064-AC78-9E7D9BAFC4D4}.Debug|x64.Build.0 = Debug|Any CPU
		{F8235E09-6DBE-4064-AC78-9E7D9BAFC4D4}.Debug|x86.ActiveCfg = Debug|Any CPU
		{F8235E09-6DBE-4064-AC78-9E7D9BAFC4D4}.Debug|x86.Build.0 = Debug|Any CPU
		{F8235E09-6DBE-4064-AC78-9E7D9BAFC4D4}.Development|Any CPU.ActiveCfg = Development|Any CPU
		{F8235E09-6DBE-4064-AC78-9E7D9BAFC4D4}.Development|Any CPU.Build.0 = Development|Any CPU
		{F8235E09-6DBE-4064-AC78-9E7D9BAFC4D4}.Development|ARM.ActiveCfg = Development|Any CPU
		{F8235E09-6DBE-4064-AC78-9E7D9BAFC4D4}.Development|ARM.Build.0 = Development|Any CPU
		{F8235E09-6DBE-4064-AC78-9E7D9BAFC4D4}.Development|ARM64.ActiveCfg = Development|Any CPU
		{F8235E09-6DBE-4064-AC78-9E7D9BAFC4D4}.Development|ARM64.Build.0 = Development|Any CPU
		{F8235E09-6DBE-4064-AC78-9E7D9BAFC4D4}.Development|x64.ActiveCfg = Development|Any CPU
		{F8235E09-6DBE-4064-AC78-9E7D9BAFC4D4}.Development|x64.Build.0 = Development|Any CPU
		{F8235E09-6DBE-4064-AC78-9E7D9BAFC4D4}.Development|x86.ActiveCfg = Development|Any CPU
		{F8235E09-6DBE-4064-AC78-9E7D9BAFC4D4}.Development|x86.Build.0 = Development|Any CPU
		{F8235E09-6DBE-4064-AC78-9E7D9BAFC4D4}.Release|Any CPU.ActiveCfg = Release|Any CPU
		{F8235E09-6DBE-4064-AC78-9E7D9BAFC4D4}.Release|Any CPU.Build.0 = Release|Any CPU
		{F8235E09-6DBE-4064-AC78-9E7D9BAFC4D4}.Release|ARM.ActiveCfg = Release|Any CPU
		{F8235E09-6DBE-4064-AC78-9E7D9BAFC4D4}.Release|ARM.Build.0 = Release|Any CPU
		{F8235E09-6DBE-4064-AC78-9E7D9BAFC4D4}.Release|ARM64.ActiveCfg = Release|Any CPU
		{F8235E09-6DBE-4064-AC78-9E7D9BAFC4D4}.Release|ARM64.Build.0 = Release|Any CPU
		{F8235E09-6DBE-4064-AC78-9E7D9BAFC4D4}.Release|x64.ActiveCfg = Release|Any CPU
		{F8235E09-6DBE-4064-AC78-9E7D9BAFC4D4}.Release|x64.Build.0 = Release|Any CPU
		{F8235E09-6DBE-4064-AC78-9E7D9BAFC4D4}.Release|x86.ActiveCfg = Release|Any CPU
		{F8235E09-6DBE-4064-AC78-9E7D9BAFC4D4}.Release|x86.Build.0 = Release|Any CPU
		{F8235E09-6DBE-4064-AC78-9E7D9BAFC4D4}.Staging|Any CPU.ActiveCfg = Staging|Any CPU
		{F8235E09-6DBE-4064-AC78-9E7D9BAFC4D4}.Staging|Any CPU.Build.0 = Staging|Any CPU
		{F8235E09-6DBE-4064-AC78-9E7D9BAFC4D4}.Staging|ARM.ActiveCfg = Staging|Any CPU
		{F8235E09-6DBE-4064-AC78-9E7D9BAFC4D4}.Staging|ARM.Build.0 = Staging|Any CPU
		{F8235E09-6DBE-4064-AC78-9E7D9BAFC4D4}.Staging|ARM64.ActiveCfg = Staging|Any CPU
		{F8235E09-6DBE-4064-AC78-9E7D9BAFC4D4}.Staging|ARM64.Build.0 = Staging|Any CPU
		{F8235E09-6DBE-4064-AC78-9E7D9BAFC4D4}.Staging|x64.ActiveCfg = Staging|Any CPU
		{F8235E09-6DBE-4064-AC78-9E7D9BAFC4D4}.Staging|x64.Build.0 = Staging|Any CPU
		{F8235E09-6DBE-4064-AC78-9E7D9BAFC4D4}.Staging|x86.ActiveCfg = Staging|Any CPU
		{F8235E09-6DBE-4064-AC78-9E7D9BAFC4D4}.Staging|x86.Build.0 = Staging|Any CPU
		{F8235E09-6DBE-4064-AC78-9E7D9BAFC4D4}.Test|Any CPU.ActiveCfg = Test|Any CPU
		{F8235E09-6DBE-4064-AC78-9E7D9BAFC4D4}.Test|Any CPU.Build.0 = Test|Any CPU
		{F8235E09-6DBE-4064-AC78-9E7D9BAFC4D4}.Test|ARM.ActiveCfg = Test|Any CPU
		{F8235E09-6DBE-4064-AC78-9E7D9BAFC4D4}.Test|ARM.Build.0 = Test|Any CPU
		{F8235E09-6DBE-4064-AC78-9E7D9BAFC4D4}.Test|ARM64.ActiveCfg = Test|Any CPU
		{F8235E09-6DBE-4064-AC78-9E7D9BAFC4D4}.Test|ARM64.Build.0 = Test|Any CPU
		{F8235E09-6DBE-4064-AC78-9E7D9BAFC4D4}.Test|x64.ActiveCfg = Test|Any CPU
		{F8235E09-6DBE-4064-AC78-9E7D9BAFC4D4}.Test|x64.Build.0 = Test|Any CPU
		{F8235E09-6DBE-4064-AC78-9E7D9BAFC4D4}.Test|x86.ActiveCfg = Test|Any CPU
		{F8235E09-6DBE-4064-AC78-9E7D9BAFC4D4}.Test|x86.Build.0 = Test|Any CPU
		{40456892-3F40-46F1-9D7A-1976F842B6C2}.Debug|Any CPU.ActiveCfg = Debug|Any CPU
		{40456892-3F40-46F1-9D7A-1976F842B6C2}.Debug|Any CPU.Build.0 = Debug|Any CPU
		{40456892-3F40-46F1-9D7A-1976F842B6C2}.Debug|ARM.ActiveCfg = Debug|Any CPU
		{40456892-3F40-46F1-9D7A-1976F842B6C2}.Debug|ARM.Build.0 = Debug|Any CPU
		{40456892-3F40-46F1-9D7A-1976F842B6C2}.Debug|ARM64.ActiveCfg = Debug|Any CPU
		{40456892-3F40-46F1-9D7A-1976F842B6C2}.Debug|ARM64.Build.0 = Debug|Any CPU
		{40456892-3F40-46F1-9D7A-1976F842B6C2}.Debug|x64.ActiveCfg = Debug|Any CPU
		{40456892-3F40-46F1-9D7A-1976F842B6C2}.Debug|x64.Build.0 = Debug|Any CPU
		{40456892-3F40-46F1-9D7A-1976F842B6C2}.Debug|x86.ActiveCfg = Debug|Any CPU
		{40456892-3F40-46F1-9D7A-1976F842B6C2}.Debug|x86.Build.0 = Debug|Any CPU
		{40456892-3F40-46F1-9D7A-1976F842B6C2}.Development|Any CPU.ActiveCfg = Development|Any CPU
		{40456892-3F40-46F1-9D7A-1976F842B6C2}.Development|Any CPU.Build.0 = Development|Any CPU
		{40456892-3F40-46F1-9D7A-1976F842B6C2}.Development|ARM.ActiveCfg = Development|Any CPU
		{40456892-3F40-46F1-9D7A-1976F842B6C2}.Development|ARM.Build.0 = Development|Any CPU
		{40456892-3F40-46F1-9D7A-1976F842B6C2}.Development|ARM64.ActiveCfg = Development|Any CPU
		{40456892-3F40-46F1-9D7A-1976F842B6C2}.Development|ARM64.Build.0 = Development|Any CPU
		{40456892-3F40-46F1-9D7A-1976F842B6C2}.Development|x64.ActiveCfg = Development|Any CPU
		{40456892-3F40-46F1-9D7A-1976F842B6C2}.Development|x64.Build.0 = Development|Any CPU
		{40456892-3F40-46F1-9D7A-1976F842B6C2}.Development|x86.ActiveCfg = Development|Any CPU
		{40456892-3F40-46F1-9D7A-1976F842B6C2}.Development|x86.Build.0 = Development|Any CPU
		{40456892-3F40-46F1-9D7A-1976F842B6C2}.Release|Any CPU.ActiveCfg = Release|Any CPU
		{40456892-3F40-46F1-9D7A-1976F842B6C2}.Release|Any CPU.Build.0 = Release|Any CPU
		{40456892-3F40-46F1-9D7A-1976F842B6C2}.Release|ARM.ActiveCfg = Release|Any CPU
		{40456892-3F40-46F1-9D7A-1976F842B6C2}.Release|ARM.Build.0 = Release|Any CPU
		{40456892-3F40-46F1-9D7A-1976F842B6C2}.Release|ARM64.ActiveCfg = Release|Any CPU
		{40456892-3F40-46F1-9D7A-1976F842B6C2}.Release|ARM64.Build.0 = Release|Any CPU
		{40456892-3F40-46F1-9D7A-1976F842B6C2}.Release|x64.ActiveCfg = Release|Any CPU
		{40456892-3F40-46F1-9D7A-1976F842B6C2}.Release|x64.Build.0 = Release|Any CPU
		{40456892-3F40-46F1-9D7A-1976F842B6C2}.Release|x86.ActiveCfg = Release|Any CPU
		{40456892-3F40-46F1-9D7A-1976F842B6C2}.Release|x86.Build.0 = Release|Any CPU
		{40456892-3F40-46F1-9D7A-1976F842B6C2}.Staging|Any CPU.ActiveCfg = Staging|Any CPU
		{40456892-3F40-46F1-9D7A-1976F842B6C2}.Staging|Any CPU.Build.0 = Staging|Any CPU
		{40456892-3F40-46F1-9D7A-1976F842B6C2}.Staging|ARM.ActiveCfg = Staging|Any CPU
		{40456892-3F40-46F1-9D7A-1976F842B6C2}.Staging|ARM.Build.0 = Staging|Any CPU
		{40456892-3F40-46F1-9D7A-1976F842B6C2}.Staging|ARM64.ActiveCfg = Staging|Any CPU
		{40456892-3F40-46F1-9D7A-1976F842B6C2}.Staging|ARM64.Build.0 = Staging|Any CPU
		{40456892-3F40-46F1-9D7A-1976F842B6C2}.Staging|x64.ActiveCfg = Staging|Any CPU
		{40456892-3F40-46F1-9D7A-1976F842B6C2}.Staging|x64.Build.0 = Staging|Any CPU
		{40456892-3F40-46F1-9D7A-1976F842B6C2}.Staging|x86.ActiveCfg = Staging|Any CPU
		{40456892-3F40-46F1-9D7A-1976F842B6C2}.Staging|x86.Build.0 = Staging|Any CPU
		{40456892-3F40-46F1-9D7A-1976F842B6C2}.Test|Any CPU.ActiveCfg = Test|Any CPU
		{40456892-3F40-46F1-9D7A-1976F842B6C2}.Test|Any CPU.Build.0 = Test|Any CPU
		{40456892-3F40-46F1-9D7A-1976F842B6C2}.Test|ARM.ActiveCfg = Test|Any CPU
		{40456892-3F40-46F1-9D7A-1976F842B6C2}.Test|ARM.Build.0 = Test|Any CPU
		{40456892-3F40-46F1-9D7A-1976F842B6C2}.Test|ARM64.ActiveCfg = Test|Any CPU
		{40456892-3F40-46F1-9D7A-1976F842B6C2}.Test|ARM64.Build.0 = Test|Any CPU
		{40456892-3F40-46F1-9D7A-1976F842B6C2}.Test|x64.ActiveCfg = Test|Any CPU
		{40456892-3F40-46F1-9D7A-1976F842B6C2}.Test|x64.Build.0 = Test|Any CPU
		{40456892-3F40-46F1-9D7A-1976F842B6C2}.Test|x86.ActiveCfg = Test|Any CPU
		{40456892-3F40-46F1-9D7A-1976F842B6C2}.Test|x86.Build.0 = Test|Any CPU
		{417E4862-6EFB-4B08-A4C3-F16167E63F10}.Debug|Any CPU.ActiveCfg = Debug|Any CPU
		{417E4862-6EFB-4B08-A4C3-F16167E63F10}.Debug|Any CPU.Build.0 = Debug|Any CPU
		{417E4862-6EFB-4B08-A4C3-F16167E63F10}.Debug|ARM.ActiveCfg = Debug|Any CPU
		{417E4862-6EFB-4B08-A4C3-F16167E63F10}.Debug|ARM.Build.0 = Debug|Any CPU
		{417E4862-6EFB-4B08-A4C3-F16167E63F10}.Debug|ARM64.ActiveCfg = Debug|Any CPU
		{417E4862-6EFB-4B08-A4C3-F16167E63F10}.Debug|ARM64.Build.0 = Debug|Any CPU
		{417E4862-6EFB-4B08-A4C3-F16167E63F10}.Debug|x64.ActiveCfg = Debug|Any CPU
		{417E4862-6EFB-4B08-A4C3-F16167E63F10}.Debug|x64.Build.0 = Debug|Any CPU
		{417E4862-6EFB-4B08-A4C3-F16167E63F10}.Debug|x86.ActiveCfg = Debug|Any CPU
		{417E4862-6EFB-4B08-A4C3-F16167E63F10}.Debug|x86.Build.0 = Debug|Any CPU
		{417E4862-6EFB-4B08-A4C3-F16167E63F10}.Development|Any CPU.ActiveCfg = Debug|Any CPU
		{417E4862-6EFB-4B08-A4C3-F16167E63F10}.Development|Any CPU.Build.0 = Debug|Any CPU
		{417E4862-6EFB-4B08-A4C3-F16167E63F10}.Development|ARM.ActiveCfg = Debug|Any CPU
		{417E4862-6EFB-4B08-A4C3-F16167E63F10}.Development|ARM.Build.0 = Debug|Any CPU
		{417E4862-6EFB-4B08-A4C3-F16167E63F10}.Development|ARM64.ActiveCfg = Debug|Any CPU
		{417E4862-6EFB-4B08-A4C3-F16167E63F10}.Development|ARM64.Build.0 = Debug|Any CPU
		{417E4862-6EFB-4B08-A4C3-F16167E63F10}.Development|x64.ActiveCfg = Debug|Any CPU
		{417E4862-6EFB-4B08-A4C3-F16167E63F10}.Development|x64.Build.0 = Debug|Any CPU
		{417E4862-6EFB-4B08-A4C3-F16167E63F10}.Development|x86.ActiveCfg = Debug|Any CPU
		{417E4862-6EFB-4B08-A4C3-F16167E63F10}.Development|x86.Build.0 = Debug|Any CPU
		{417E4862-6EFB-4B08-A4C3-F16167E63F10}.Release|Any CPU.ActiveCfg = Release|Any CPU
		{417E4862-6EFB-4B08-A4C3-F16167E63F10}.Release|Any CPU.Build.0 = Release|Any CPU
		{417E4862-6EFB-4B08-A4C3-F16167E63F10}.Release|ARM.ActiveCfg = Release|Any CPU
		{417E4862-6EFB-4B08-A4C3-F16167E63F10}.Release|ARM.Build.0 = Release|Any CPU
		{417E4862-6EFB-4B08-A4C3-F16167E63F10}.Release|ARM64.ActiveCfg = Release|Any CPU
		{417E4862-6EFB-4B08-A4C3-F16167E63F10}.Release|ARM64.Build.0 = Release|Any CPU
		{417E4862-6EFB-4B08-A4C3-F16167E63F10}.Release|x64.ActiveCfg = Release|Any CPU
		{417E4862-6EFB-4B08-A4C3-F16167E63F10}.Release|x64.Build.0 = Release|Any CPU
		{417E4862-6EFB-4B08-A4C3-F16167E63F10}.Release|x86.ActiveCfg = Release|Any CPU
		{417E4862-6EFB-4B08-A4C3-F16167E63F10}.Release|x86.Build.0 = Release|Any CPU
		{417E4862-6EFB-4B08-A4C3-F16167E63F10}.Staging|Any CPU.ActiveCfg = Staging|Any CPU
		{417E4862-6EFB-4B08-A4C3-F16167E63F10}.Staging|Any CPU.Build.0 = Staging|Any CPU
		{417E4862-6EFB-4B08-A4C3-F16167E63F10}.Staging|ARM.ActiveCfg = Staging|Any CPU
		{417E4862-6EFB-4B08-A4C3-F16167E63F10}.Staging|ARM.Build.0 = Staging|Any CPU
		{417E4862-6EFB-4B08-A4C3-F16167E63F10}.Staging|ARM64.ActiveCfg = Staging|Any CPU
		{417E4862-6EFB-4B08-A4C3-F16167E63F10}.Staging|ARM64.Build.0 = Staging|Any CPU
		{417E4862-6EFB-4B08-A4C3-F16167E63F10}.Staging|x64.ActiveCfg = Staging|Any CPU
		{417E4862-6EFB-4B08-A4C3-F16167E63F10}.Staging|x64.Build.0 = Staging|Any CPU
		{417E4862-6EFB-4B08-A4C3-F16167E63F10}.Staging|x86.ActiveCfg = Staging|Any CPU
		{417E4862-6EFB-4B08-A4C3-F16167E63F10}.Staging|x86.Build.0 = Staging|Any CPU
		{417E4862-6EFB-4B08-A4C3-F16167E63F10}.Test|Any CPU.ActiveCfg = Debug|Any CPU
		{417E4862-6EFB-4B08-A4C3-F16167E63F10}.Test|Any CPU.Build.0 = Debug|Any CPU
		{417E4862-6EFB-4B08-A4C3-F16167E63F10}.Test|ARM.ActiveCfg = Debug|Any CPU
		{417E4862-6EFB-4B08-A4C3-F16167E63F10}.Test|ARM.Build.0 = Debug|Any CPU
		{417E4862-6EFB-4B08-A4C3-F16167E63F10}.Test|ARM64.ActiveCfg = Debug|Any CPU
		{417E4862-6EFB-4B08-A4C3-F16167E63F10}.Test|ARM64.Build.0 = Debug|Any CPU
		{417E4862-6EFB-4B08-A4C3-F16167E63F10}.Test|x64.ActiveCfg = Debug|Any CPU
		{417E4862-6EFB-4B08-A4C3-F16167E63F10}.Test|x64.Build.0 = Debug|Any CPU
		{417E4862-6EFB-4B08-A4C3-F16167E63F10}.Test|x86.ActiveCfg = Debug|Any CPU
		{417E4862-6EFB-4B08-A4C3-F16167E63F10}.Test|x86.Build.0 = Debug|Any CPU
		{1B1035D8-A0A4-4DE6-9F8A-06EDDC966B1F}.Debug|Any CPU.ActiveCfg = Debug|Any CPU
		{1B1035D8-A0A4-4DE6-9F8A-06EDDC966B1F}.Debug|Any CPU.Build.0 = Debug|Any CPU
		{1B1035D8-A0A4-4DE6-9F8A-06EDDC966B1F}.Debug|ARM.ActiveCfg = Debug|Any CPU
		{1B1035D8-A0A4-4DE6-9F8A-06EDDC966B1F}.Debug|ARM.Build.0 = Debug|Any CPU
		{1B1035D8-A0A4-4DE6-9F8A-06EDDC966B1F}.Debug|ARM64.ActiveCfg = Debug|Any CPU
		{1B1035D8-A0A4-4DE6-9F8A-06EDDC966B1F}.Debug|ARM64.Build.0 = Debug|Any CPU
		{1B1035D8-A0A4-4DE6-9F8A-06EDDC966B1F}.Debug|x64.ActiveCfg = Debug|Any CPU
		{1B1035D8-A0A4-4DE6-9F8A-06EDDC966B1F}.Debug|x64.Build.0 = Debug|Any CPU
		{1B1035D8-A0A4-4DE6-9F8A-06EDDC966B1F}.Debug|x86.ActiveCfg = Debug|Any CPU
		{1B1035D8-A0A4-4DE6-9F8A-06EDDC966B1F}.Debug|x86.Build.0 = Debug|Any CPU
		{1B1035D8-A0A4-4DE6-9F8A-06EDDC966B1F}.Development|Any CPU.ActiveCfg = Debug|Any CPU
		{1B1035D8-A0A4-4DE6-9F8A-06EDDC966B1F}.Development|Any CPU.Build.0 = Debug|Any CPU
		{1B1035D8-A0A4-4DE6-9F8A-06EDDC966B1F}.Development|ARM.ActiveCfg = Debug|Any CPU
		{1B1035D8-A0A4-4DE6-9F8A-06EDDC966B1F}.Development|ARM.Build.0 = Debug|Any CPU
		{1B1035D8-A0A4-4DE6-9F8A-06EDDC966B1F}.Development|ARM64.ActiveCfg = Debug|Any CPU
		{1B1035D8-A0A4-4DE6-9F8A-06EDDC966B1F}.Development|ARM64.Build.0 = Debug|Any CPU
		{1B1035D8-A0A4-4DE6-9F8A-06EDDC966B1F}.Development|x64.ActiveCfg = Debug|Any CPU
		{1B1035D8-A0A4-4DE6-9F8A-06EDDC966B1F}.Development|x64.Build.0 = Debug|Any CPU
		{1B1035D8-A0A4-4DE6-9F8A-06EDDC966B1F}.Development|x86.ActiveCfg = Debug|Any CPU
		{1B1035D8-A0A4-4DE6-9F8A-06EDDC966B1F}.Development|x86.Build.0 = Debug|Any CPU
		{1B1035D8-A0A4-4DE6-9F8A-06EDDC966B1F}.Release|Any CPU.ActiveCfg = Release|Any CPU
		{1B1035D8-A0A4-4DE6-9F8A-06EDDC966B1F}.Release|Any CPU.Build.0 = Release|Any CPU
		{1B1035D8-A0A4-4DE6-9F8A-06EDDC966B1F}.Release|ARM.ActiveCfg = Release|Any CPU
		{1B1035D8-A0A4-4DE6-9F8A-06EDDC966B1F}.Release|ARM.Build.0 = Release|Any CPU
		{1B1035D8-A0A4-4DE6-9F8A-06EDDC966B1F}.Release|ARM64.ActiveCfg = Release|Any CPU
		{1B1035D8-A0A4-4DE6-9F8A-06EDDC966B1F}.Release|ARM64.Build.0 = Release|Any CPU
		{1B1035D8-A0A4-4DE6-9F8A-06EDDC966B1F}.Release|x64.ActiveCfg = Release|Any CPU
		{1B1035D8-A0A4-4DE6-9F8A-06EDDC966B1F}.Release|x64.Build.0 = Release|Any CPU
		{1B1035D8-A0A4-4DE6-9F8A-06EDDC966B1F}.Release|x86.ActiveCfg = Release|Any CPU
		{1B1035D8-A0A4-4DE6-9F8A-06EDDC966B1F}.Release|x86.Build.0 = Release|Any CPU
		{1B1035D8-A0A4-4DE6-9F8A-06EDDC966B1F}.Staging|Any CPU.ActiveCfg = Staging|Any CPU
		{1B1035D8-A0A4-4DE6-9F8A-06EDDC966B1F}.Staging|Any CPU.Build.0 = Staging|Any CPU
		{1B1035D8-A0A4-4DE6-9F8A-06EDDC966B1F}.Staging|ARM.ActiveCfg = Staging|Any CPU
		{1B1035D8-A0A4-4DE6-9F8A-06EDDC966B1F}.Staging|ARM.Build.0 = Staging|Any CPU
		{1B1035D8-A0A4-4DE6-9F8A-06EDDC966B1F}.Staging|ARM64.ActiveCfg = Staging|Any CPU
		{1B1035D8-A0A4-4DE6-9F8A-06EDDC966B1F}.Staging|ARM64.Build.0 = Staging|Any CPU
		{1B1035D8-A0A4-4DE6-9F8A-06EDDC966B1F}.Staging|x64.ActiveCfg = Staging|Any CPU
		{1B1035D8-A0A4-4DE6-9F8A-06EDDC966B1F}.Staging|x64.Build.0 = Staging|Any CPU
		{1B1035D8-A0A4-4DE6-9F8A-06EDDC966B1F}.Staging|x86.ActiveCfg = Staging|Any CPU
		{1B1035D8-A0A4-4DE6-9F8A-06EDDC966B1F}.Staging|x86.Build.0 = Staging|Any CPU
		{1B1035D8-A0A4-4DE6-9F8A-06EDDC966B1F}.Test|Any CPU.ActiveCfg = Debug|Any CPU
		{1B1035D8-A0A4-4DE6-9F8A-06EDDC966B1F}.Test|Any CPU.Build.0 = Debug|Any CPU
		{1B1035D8-A0A4-4DE6-9F8A-06EDDC966B1F}.Test|ARM.ActiveCfg = Debug|Any CPU
		{1B1035D8-A0A4-4DE6-9F8A-06EDDC966B1F}.Test|ARM.Build.0 = Debug|Any CPU
		{1B1035D8-A0A4-4DE6-9F8A-06EDDC966B1F}.Test|ARM64.ActiveCfg = Debug|Any CPU
		{1B1035D8-A0A4-4DE6-9F8A-06EDDC966B1F}.Test|ARM64.Build.0 = Debug|Any CPU
		{1B1035D8-A0A4-4DE6-9F8A-06EDDC966B1F}.Test|x64.ActiveCfg = Debug|Any CPU
		{1B1035D8-A0A4-4DE6-9F8A-06EDDC966B1F}.Test|x64.Build.0 = Debug|Any CPU
		{1B1035D8-A0A4-4DE6-9F8A-06EDDC966B1F}.Test|x86.ActiveCfg = Debug|Any CPU
		{1B1035D8-A0A4-4DE6-9F8A-06EDDC966B1F}.Test|x86.Build.0 = Debug|Any CPU
		{8448CF67-E965-40C9-97A5-FCB980BFDDF1}.Debug|Any CPU.ActiveCfg = Debug|Any CPU
		{8448CF67-E965-40C9-97A5-FCB980BFDDF1}.Debug|Any CPU.Build.0 = Debug|Any CPU
		{8448CF67-E965-40C9-97A5-FCB980BFDDF1}.Debug|ARM.ActiveCfg = Debug|Any CPU
		{8448CF67-E965-40C9-97A5-FCB980BFDDF1}.Debug|ARM.Build.0 = Debug|Any CPU
		{8448CF67-E965-40C9-97A5-FCB980BFDDF1}.Debug|ARM64.ActiveCfg = Debug|Any CPU
		{8448CF67-E965-40C9-97A5-FCB980BFDDF1}.Debug|ARM64.Build.0 = Debug|Any CPU
		{8448CF67-E965-40C9-97A5-FCB980BFDDF1}.Debug|x64.ActiveCfg = Debug|Any CPU
		{8448CF67-E965-40C9-97A5-FCB980BFDDF1}.Debug|x64.Build.0 = Debug|Any CPU
		{8448CF67-E965-40C9-97A5-FCB980BFDDF1}.Debug|x86.ActiveCfg = Debug|Any CPU
		{8448CF67-E965-40C9-97A5-FCB980BFDDF1}.Debug|x86.Build.0 = Debug|Any CPU
		{8448CF67-E965-40C9-97A5-FCB980BFDDF1}.Development|Any CPU.ActiveCfg = Debug|Any CPU
		{8448CF67-E965-40C9-97A5-FCB980BFDDF1}.Development|Any CPU.Build.0 = Debug|Any CPU
		{8448CF67-E965-40C9-97A5-FCB980BFDDF1}.Development|ARM.ActiveCfg = Debug|Any CPU
		{8448CF67-E965-40C9-97A5-FCB980BFDDF1}.Development|ARM.Build.0 = Debug|Any CPU
		{8448CF67-E965-40C9-97A5-FCB980BFDDF1}.Development|ARM64.ActiveCfg = Debug|Any CPU
		{8448CF67-E965-40C9-97A5-FCB980BFDDF1}.Development|ARM64.Build.0 = Debug|Any CPU
		{8448CF67-E965-40C9-97A5-FCB980BFDDF1}.Development|x64.ActiveCfg = Debug|Any CPU
		{8448CF67-E965-40C9-97A5-FCB980BFDDF1}.Development|x64.Build.0 = Debug|Any CPU
		{8448CF67-E965-40C9-97A5-FCB980BFDDF1}.Development|x86.ActiveCfg = Debug|Any CPU
		{8448CF67-E965-40C9-97A5-FCB980BFDDF1}.Development|x86.Build.0 = Debug|Any CPU
		{8448CF67-E965-40C9-97A5-FCB980BFDDF1}.Release|Any CPU.ActiveCfg = Release|Any CPU
		{8448CF67-E965-40C9-97A5-FCB980BFDDF1}.Release|Any CPU.Build.0 = Release|Any CPU
		{8448CF67-E965-40C9-97A5-FCB980BFDDF1}.Release|ARM.ActiveCfg = Release|Any CPU
		{8448CF67-E965-40C9-97A5-FCB980BFDDF1}.Release|ARM.Build.0 = Release|Any CPU
		{8448CF67-E965-40C9-97A5-FCB980BFDDF1}.Release|ARM64.ActiveCfg = Release|Any CPU
		{8448CF67-E965-40C9-97A5-FCB980BFDDF1}.Release|ARM64.Build.0 = Release|Any CPU
		{8448CF67-E965-40C9-97A5-FCB980BFDDF1}.Release|x64.ActiveCfg = Release|Any CPU
		{8448CF67-E965-40C9-97A5-FCB980BFDDF1}.Release|x64.Build.0 = Release|Any CPU
		{8448CF67-E965-40C9-97A5-FCB980BFDDF1}.Release|x86.ActiveCfg = Release|Any CPU
		{8448CF67-E965-40C9-97A5-FCB980BFDDF1}.Release|x86.Build.0 = Release|Any CPU
		{8448CF67-E965-40C9-97A5-FCB980BFDDF1}.Staging|Any CPU.ActiveCfg = Staging|Any CPU
		{8448CF67-E965-40C9-97A5-FCB980BFDDF1}.Staging|Any CPU.Build.0 = Staging|Any CPU
		{8448CF67-E965-40C9-97A5-FCB980BFDDF1}.Staging|ARM.ActiveCfg = Staging|Any CPU
		{8448CF67-E965-40C9-97A5-FCB980BFDDF1}.Staging|ARM.Build.0 = Staging|Any CPU
		{8448CF67-E965-40C9-97A5-FCB980BFDDF1}.Staging|ARM64.ActiveCfg = Staging|Any CPU
		{8448CF67-E965-40C9-97A5-FCB980BFDDF1}.Staging|ARM64.Build.0 = Staging|Any CPU
		{8448CF67-E965-40C9-97A5-FCB980BFDDF1}.Staging|x64.ActiveCfg = Staging|Any CPU
		{8448CF67-E965-40C9-97A5-FCB980BFDDF1}.Staging|x64.Build.0 = Staging|Any CPU
		{8448CF67-E965-40C9-97A5-FCB980BFDDF1}.Staging|x86.ActiveCfg = Staging|Any CPU
		{8448CF67-E965-40C9-97A5-FCB980BFDDF1}.Staging|x86.Build.0 = Staging|Any CPU
		{8448CF67-E965-40C9-97A5-FCB980BFDDF1}.Test|Any CPU.ActiveCfg = Debug|Any CPU
		{8448CF67-E965-40C9-97A5-FCB980BFDDF1}.Test|Any CPU.Build.0 = Debug|Any CPU
		{8448CF67-E965-40C9-97A5-FCB980BFDDF1}.Test|ARM.ActiveCfg = Debug|Any CPU
		{8448CF67-E965-40C9-97A5-FCB980BFDDF1}.Test|ARM.Build.0 = Debug|Any CPU
		{8448CF67-E965-40C9-97A5-FCB980BFDDF1}.Test|ARM64.ActiveCfg = Debug|Any CPU
		{8448CF67-E965-40C9-97A5-FCB980BFDDF1}.Test|ARM64.Build.0 = Debug|Any CPU
		{8448CF67-E965-40C9-97A5-FCB980BFDDF1}.Test|x64.ActiveCfg = Debug|Any CPU
		{8448CF67-E965-40C9-97A5-FCB980BFDDF1}.Test|x64.Build.0 = Debug|Any CPU
		{8448CF67-E965-40C9-97A5-FCB980BFDDF1}.Test|x86.ActiveCfg = Debug|Any CPU
		{8448CF67-E965-40C9-97A5-FCB980BFDDF1}.Test|x86.Build.0 = Debug|Any CPU
		{D8010B32-896A-44B1-A6F3-2DAE807E8491}.Debug|Any CPU.ActiveCfg = Debug|Any CPU
		{D8010B32-896A-44B1-A6F3-2DAE807E8491}.Debug|Any CPU.Build.0 = Debug|Any CPU
		{D8010B32-896A-44B1-A6F3-2DAE807E8491}.Debug|ARM.ActiveCfg = Debug|Any CPU
		{D8010B32-896A-44B1-A6F3-2DAE807E8491}.Debug|ARM.Build.0 = Debug|Any CPU
		{D8010B32-896A-44B1-A6F3-2DAE807E8491}.Debug|ARM64.ActiveCfg = Debug|Any CPU
		{D8010B32-896A-44B1-A6F3-2DAE807E8491}.Debug|ARM64.Build.0 = Debug|Any CPU
		{D8010B32-896A-44B1-A6F3-2DAE807E8491}.Debug|x64.ActiveCfg = Debug|Any CPU
		{D8010B32-896A-44B1-A6F3-2DAE807E8491}.Debug|x64.Build.0 = Debug|Any CPU
		{D8010B32-896A-44B1-A6F3-2DAE807E8491}.Debug|x86.ActiveCfg = Debug|Any CPU
		{D8010B32-896A-44B1-A6F3-2DAE807E8491}.Debug|x86.Build.0 = Debug|Any CPU
		{D8010B32-896A-44B1-A6F3-2DAE807E8491}.Development|Any CPU.ActiveCfg = Debug|Any CPU
		{D8010B32-896A-44B1-A6F3-2DAE807E8491}.Development|Any CPU.Build.0 = Debug|Any CPU
		{D8010B32-896A-44B1-A6F3-2DAE807E8491}.Development|ARM.ActiveCfg = Debug|Any CPU
		{D8010B32-896A-44B1-A6F3-2DAE807E8491}.Development|ARM.Build.0 = Debug|Any CPU
		{D8010B32-896A-44B1-A6F3-2DAE807E8491}.Development|ARM64.ActiveCfg = Debug|Any CPU
		{D8010B32-896A-44B1-A6F3-2DAE807E8491}.Development|ARM64.Build.0 = Debug|Any CPU
		{D8010B32-896A-44B1-A6F3-2DAE807E8491}.Development|x64.ActiveCfg = Debug|Any CPU
		{D8010B32-896A-44B1-A6F3-2DAE807E8491}.Development|x64.Build.0 = Debug|Any CPU
		{D8010B32-896A-44B1-A6F3-2DAE807E8491}.Development|x86.ActiveCfg = Debug|Any CPU
		{D8010B32-896A-44B1-A6F3-2DAE807E8491}.Development|x86.Build.0 = Debug|Any CPU
		{D8010B32-896A-44B1-A6F3-2DAE807E8491}.Release|Any CPU.ActiveCfg = Release|Any CPU
		{D8010B32-896A-44B1-A6F3-2DAE807E8491}.Release|Any CPU.Build.0 = Release|Any CPU
		{D8010B32-896A-44B1-A6F3-2DAE807E8491}.Release|ARM.ActiveCfg = Release|Any CPU
		{D8010B32-896A-44B1-A6F3-2DAE807E8491}.Release|ARM.Build.0 = Release|Any CPU
		{D8010B32-896A-44B1-A6F3-2DAE807E8491}.Release|ARM64.ActiveCfg = Release|Any CPU
		{D8010B32-896A-44B1-A6F3-2DAE807E8491}.Release|ARM64.Build.0 = Release|Any CPU
		{D8010B32-896A-44B1-A6F3-2DAE807E8491}.Release|x64.ActiveCfg = Release|Any CPU
		{D8010B32-896A-44B1-A6F3-2DAE807E8491}.Release|x64.Build.0 = Release|Any CPU
		{D8010B32-896A-44B1-A6F3-2DAE807E8491}.Release|x86.ActiveCfg = Release|Any CPU
		{D8010B32-896A-44B1-A6F3-2DAE807E8491}.Release|x86.Build.0 = Release|Any CPU
		{D8010B32-896A-44B1-A6F3-2DAE807E8491}.Staging|Any CPU.ActiveCfg = Staging|Any CPU
		{D8010B32-896A-44B1-A6F3-2DAE807E8491}.Staging|Any CPU.Build.0 = Staging|Any CPU
		{D8010B32-896A-44B1-A6F3-2DAE807E8491}.Staging|ARM.ActiveCfg = Staging|Any CPU
		{D8010B32-896A-44B1-A6F3-2DAE807E8491}.Staging|ARM.Build.0 = Staging|Any CPU
		{D8010B32-896A-44B1-A6F3-2DAE807E8491}.Staging|ARM64.ActiveCfg = Staging|Any CPU
		{D8010B32-896A-44B1-A6F3-2DAE807E8491}.Staging|ARM64.Build.0 = Staging|Any CPU
		{D8010B32-896A-44B1-A6F3-2DAE807E8491}.Staging|x64.ActiveCfg = Staging|Any CPU
		{D8010B32-896A-44B1-A6F3-2DAE807E8491}.Staging|x64.Build.0 = Staging|Any CPU
		{D8010B32-896A-44B1-A6F3-2DAE807E8491}.Staging|x86.ActiveCfg = Staging|Any CPU
		{D8010B32-896A-44B1-A6F3-2DAE807E8491}.Staging|x86.Build.0 = Staging|Any CPU
		{D8010B32-896A-44B1-A6F3-2DAE807E8491}.Test|Any CPU.ActiveCfg = Debug|Any CPU
		{D8010B32-896A-44B1-A6F3-2DAE807E8491}.Test|Any CPU.Build.0 = Debug|Any CPU
		{D8010B32-896A-44B1-A6F3-2DAE807E8491}.Test|ARM.ActiveCfg = Debug|Any CPU
		{D8010B32-896A-44B1-A6F3-2DAE807E8491}.Test|ARM.Build.0 = Debug|Any CPU
		{D8010B32-896A-44B1-A6F3-2DAE807E8491}.Test|ARM64.ActiveCfg = Debug|Any CPU
		{D8010B32-896A-44B1-A6F3-2DAE807E8491}.Test|ARM64.Build.0 = Debug|Any CPU
		{D8010B32-896A-44B1-A6F3-2DAE807E8491}.Test|x64.ActiveCfg = Debug|Any CPU
		{D8010B32-896A-44B1-A6F3-2DAE807E8491}.Test|x64.Build.0 = Debug|Any CPU
		{D8010B32-896A-44B1-A6F3-2DAE807E8491}.Test|x86.ActiveCfg = Debug|Any CPU
		{D8010B32-896A-44B1-A6F3-2DAE807E8491}.Test|x86.Build.0 = Debug|Any CPU
	EndGlobalSection
	GlobalSection(SolutionProperties) = preSolution
		HideSolutionNode = FALSE
	EndGlobalSection
	GlobalSection(NestedProjects) = preSolution
		{40456892-3F40-46F1-9D7A-1976F842B6C2} = {C23A7DA1-1FF6-4ECA-8DA1-2633945482C0}
		{417E4862-6EFB-4B08-A4C3-F16167E63F10} = {C23A7DA1-1FF6-4ECA-8DA1-2633945482C0}
		{1B1035D8-A0A4-4DE6-9F8A-06EDDC966B1F} = {C23A7DA1-1FF6-4ECA-8DA1-2633945482C0}
		{8448CF67-E965-40C9-97A5-FCB980BFDDF1} = {C23A7DA1-1FF6-4ECA-8DA1-2633945482C0}
	EndGlobalSection
	GlobalSection(ExtensibilityGlobals) = postSolution
		SolutionGuid = {96FFF96F-7CEB-4758-8100-D17FD20DFA63}
	EndGlobalSection
EndGlobal
